
Microsoft Visual Studio Solution File, Format Version 12.00
# Visual Studio Version 17
VisualStudioVersion = 17.6.33829.357
MinimumVisualStudioVersion = 10.0.40219.1
Project("{FAE04EC0-301F-11D3-BF4B-00C04F79EFBC}") = "WebAPIpracticeOne", "WebAPIpracticeOne\WebAPIpracticeOne.csproj", "{098A9A83-5E7C-40A6-BC03-FD04206F0BD3}"
EndProject
Global
	GlobalSection(SolutionConfigurationPlatforms) = preSolution
		Debug|Any CPU = Debug|Any CPU
		Release|Any CPU = Release|Any CPU
	EndGlobalSection
	GlobalSection(ProjectConfigurationPlatforms) = postSolution
		{098A9A83-5E7C-40A6-BC03-FD04206F0BD3}.Debug|Any CPU.ActiveCfg = Debug|Any CPU
		{098A9A83-5E7C-40A6-BC03-FD04206F0BD3}.Debug|Any CPU.Build.0 = Debug|Any CPU
		{098A9A83-5E7C-40A6-BC03-FD04206F0BD3}.Release|Any CPU.ActiveCfg = Release|Any CPU
		{098A9A83-5E7C-40A6-BC03-FD04206F0BD3}.Release|Any CPU.Build.0 = Release|Any CPU
	EndGlobalSection
	GlobalSection(SolutionProperties) = preSolution
		HideSolutionNode = FALSE
	EndGlobalSection
	GlobalSection(ExtensibilityGlobals) = postSolution
		SolutionGuid = {033D689F-33C2-4E1B-9413-DC297ECBB1AA}
	EndGlobalSection
EndGlobal
